
Microsoft Visual Studio Solution File, Format Version 12.00
# Visual Studio 15
VisualStudioVersion = 15.0.28307.421
MinimumVisualStudioVersion = 10.0.40219.1
Project("{FAE04EC0-301F-11D3-BF4B-00C04F79EFBC}") = "OpenMyMeta", "OpenMeta\OpenMyMeta.csproj", "{72BEAB1C-B55F-4F0E-89AF-17F71E74A452}"
EndProject
Project("{FAE04EC0-301F-11D3-BF4B-00C04F79EFBC}") = "OpenMyMeta.UnitTest", "OpenMyMeta.UnitTest\OpenMyMeta.UnitTest.csproj", "{F2C33C33-D947-4DE6-92DB-0FA32262F9DB}"
EndProject
Project("{2150E333-8FDC-42A3-9474-1A3956D46DE8}") = "thirdparty", "thirdparty", "{004F6A8B-F037-4596-9D18-CD54201F9E94}"
	ProjectSection(SolutionItems) = preProject
		thirdparty\ADODB.dll = thirdparty\ADODB.dll
		thirdparty\CollapsibleSplitter.dll = thirdparty\CollapsibleSplitter.dll
		thirdparty\Dl3bak.Xsd3b.dll = thirdparty\Dl3bak.Xsd3b.dll
		thirdparty\Dl3bak.Xsd3b.Uml14Xmi12Import.dll = thirdparty\Dl3bak.Xsd3b.Uml14Xmi12Import.dll
		thirdparty\Dl3bak.Xsd3b.Xsd.dll = thirdparty\Dl3bak.Xsd3b.Xsd.dll
		thirdparty\Dl3bak.Xsd3b.Xslt.dll = thirdparty\Dl3bak.Xsd3b.Xslt.dll
		thirdparty\EffiProz.dll = thirdparty\EffiProz.dll
		thirdparty\FirebirdSql.Data.FirebirdClient.dll = thirdparty\FirebirdSql.Data.FirebirdClient.dll
		thirdparty\Interop.ADODB.dll = thirdparty\Interop.ADODB.dll
		thirdparty\Interop.ADOX.dll = thirdparty\Interop.ADOX.dll
		thirdparty\Interop.MSDASC.dll = thirdparty\Interop.MSDASC.dll
		thirdparty\Interop.MSScriptControl.dll = thirdparty\Interop.MSScriptControl.dll
		thirdparty\Interop.Scripting.dll = thirdparty\Interop.Scripting.dll
		thirdparty\Mono.Security.dll = thirdparty\Mono.Security.dll
		thirdparty\MySql.Data.dll = thirdparty\MySql.Data.dll
		thirdparty\Npgsql.dll = thirdparty\Npgsql.dll
		thirdparty\SciLexer.dll = thirdparty\SciLexer.dll
		thirdparty\ScintillaNET.dll = thirdparty\ScintillaNET.dll
		thirdparty\System.Data.SQLite.dll = thirdparty\System.Data.SQLite.dll
		thirdparty\System.Data.SQLite.Linq.dll = thirdparty\System.Data.SQLite.Linq.dll
		thirdparty\WeifenLuo.WinFormsUI.Docking.dll = thirdparty\WeifenLuo.WinFormsUI.Docking.dll
	EndProjectSection
EndProject
Project("{FAE04EC0-301F-11D3-BF4B-00C04F79EFBC}") = "OpenMyMeta.SampleConsoleApp", "OpenMyMeta.SampleConsoleApp\OpenMyMeta.SampleConsoleApp.csproj", "{2DCC0D0B-5DA1-4D1A-8A8D-5A8B015AA7BB}"
EndProject
Project("{2150E333-8FDC-42A3-9474-1A3956D46DE8}") = "Docs", "Docs", "{A33F4753-36E1-408B-98AC-4A4DA2276419}"
	ProjectSection(SolutionItems) = preProject
		..\README.md = ..\README.md
	EndProjectSection
EndProject
Global
	GlobalSection(SolutionConfigurationPlatforms) = preSolution
		Debug|Any CPU = Debug|Any CPU
		Release|Any CPU = Release|Any CPU
	EndGlobalSection
	GlobalSection(ProjectConfigurationPlatforms) = postSolution
		{72BEAB1C-B55F-4F0E-89AF-17F71E74A452}.Debug|Any CPU.ActiveCfg = Debug|Any CPU
		{72BEAB1C-B55F-4F0E-89AF-17F71E74A452}.Debug|Any CPU.Build.0 = Debug|Any CPU
		{72BEAB1C-B55F-4F0E-89AF-17F71E74A452}.Release|Any CPU.ActiveCfg = Release|Any CPU
		{72BEAB1C-B55F-4F0E-89AF-17F71E74A452}.Release|Any CPU.Build.0 = Release|Any CPU
		{F2C33C33-D947-4DE6-92DB-0FA32262F9DB}.Debug|Any CPU.ActiveCfg = Debug|Any CPU
		{F2C33C33-D947-4DE6-92DB-0FA32262F9DB}.Debug|Any CPU.Build.0 = Debug|Any CPU
		{F2C33C33-D947-4DE6-92DB-0FA32262F9DB}.Release|Any CPU.ActiveCfg = Release|Any CPU
		{F2C33C33-D947-4DE6-92DB-0FA32262F9DB}.Release|Any CPU.Build.0 = Release|Any CPU
		{2DCC0D0B-5DA1-4D1A-8A8D-5A8B015AA7BB}.Debug|Any CPU.ActiveCfg = Debug|Any CPU
		{2DCC0D0B-5DA1-4D1A-8A8D-5A8B015AA7BB}.Debug|Any CPU.Build.0 = Debug|Any CPU
		{2DCC0D0B-5DA1-4D1A-8A8D-5A8B015AA7BB}.Release|Any CPU.ActiveCfg = Release|Any CPU
		{2DCC0D0B-5DA1-4D1A-8A8D-5A8B015AA7BB}.Release|Any CPU.Build.0 = Release|Any CPU
	EndGlobalSection
	GlobalSection(SolutionProperties) = preSolution
		HideSolutionNode = FALSE
	EndGlobalSection
	GlobalSection(ExtensibilityGlobals) = postSolution
		SolutionGuid = {94AA75D6-CD3C-4981-9CD5-30E66F5ACA76}
	EndGlobalSection
EndGlobal
